// !$*UTF8*$!
{
	archiveVersion = 1;
	classes = {
	};
	objectVersion = 55;
	objects = {

/* Begin PBXBuildFile section */
		737C4ED71F8FD01C66139728 /* Pods_eonggeum.framework in Frameworks */ = {isa = PBXBuildFile; fileRef = 63CB4026963DBA682CE8989E /* Pods_eonggeum.framework */; };
		980DC3F127191AA9008AE62E /* GoogleService-Info.plist in Resources */ = {isa = PBXBuildFile; fileRef = 980DC3F027191AA9008AE62E /* GoogleService-Info.plist */; };
		98809825271480FB0063DCDF /* AppDelegate.swift in Sources */ = {isa = PBXBuildFile; fileRef = 98809824271480FB0063DCDF /* AppDelegate.swift */; };
		98809827271480FB0063DCDF /* SceneDelegate.swift in Sources */ = {isa = PBXBuildFile; fileRef = 98809826271480FB0063DCDF /* SceneDelegate.swift */; };
		9880982C271480FB0063DCDF /* Main.storyboard in Resources */ = {isa = PBXBuildFile; fileRef = 9880982A271480FB0063DCDF /* Main.storyboard */; };
		9880982E271480FE0063DCDF /* Assets.xcassets in Resources */ = {isa = PBXBuildFile; fileRef = 9880982D271480FE0063DCDF /* Assets.xcassets */; };
		98809831271480FE0063DCDF /* LaunchScreen.storyboard in Resources */ = {isa = PBXBuildFile; fileRef = 9880982F271480FE0063DCDF /* LaunchScreen.storyboard */; };
		988098392714813E0063DCDF /* MainViewController.swift in Sources */ = {isa = PBXBuildFile; fileRef = 988098382714813E0063DCDF /* MainViewController.swift */; };
		98F090F627155441008B0F36 /* CalendarViewController.swift in Sources */ = {isa = PBXBuildFile; fileRef = 98F090F527155441008B0F36 /* CalendarViewController.swift */; };
/* End PBXBuildFile section */

/* Begin PBXFileReference section */
		1F0738F318E6D35FCCEC5DCF /* Pods-eonggeum.release.xcconfig */ = {isa = PBXFileReference; includeInIndex = 1; lastKnownFileType = text.xcconfig; name = "Pods-eonggeum.release.xcconfig"; path = "Target Support Files/Pods-eonggeum/Pods-eonggeum.release.xcconfig"; sourceTree = "<group>"; };
		5E3EBA9C54159BC706D29A0A /* Pods-eonggeum.debug.xcconfig */ = {isa = PBXFileReference; includeInIndex = 1; lastKnownFileType = text.xcconfig; name = "Pods-eonggeum.debug.xcconfig"; path = "Target Support Files/Pods-eonggeum/Pods-eonggeum.debug.xcconfig"; sourceTree = "<group>"; };
		63CB4026963DBA682CE8989E /* Pods_eonggeum.framework */ = {isa = PBXFileReference; explicitFileType = wrapper.framework; includeInIndex = 0; path = Pods_eonggeum.framework; sourceTree = BUILT_PRODUCTS_DIR; };
		980DC3F027191AA9008AE62E /* GoogleService-Info.plist */ = {isa = PBXFileReference; fileEncoding = 4; lastKnownFileType = text.plist.xml; path = "GoogleService-Info.plist"; sourceTree = "<group>"; };
		980DC3F227191B62008AE62E /* eonggeum.entitlements */ = {isa = PBXFileReference; lastKnownFileType = text.plist.entitlements; path = eonggeum.entitlements; sourceTree = "<group>"; };
		98809821271480FB0063DCDF /* eonggeum.app */ = {isa = PBXFileReference; explicitFileType = wrapper.application; includeInIndex = 0; path = eonggeum.app; sourceTree = BUILT_PRODUCTS_DIR; };
		98809824271480FB0063DCDF /* AppDelegate.swift */ = {isa = PBXFileReference; lastKnownFileType = sourcecode.swift; path = AppDelegate.swift; sourceTree = "<group>"; };
		98809826271480FB0063DCDF /* SceneDelegate.swift */ = {isa = PBXFileReference; lastKnownFileType = sourcecode.swift; path = SceneDelegate.swift; sourceTree = "<group>"; };
		9880982B271480FB0063DCDF /* Base */ = {isa = PBXFileReference; lastKnownFileType = file.storyboard; name = Base; path = Base.lproj/Main.storyboard; sourceTree = "<group>"; };
		9880982D271480FE0063DCDF /* Assets.xcassets */ = {isa = PBXFileReference; lastKnownFileType = folder.assetcatalog; path = Assets.xcassets; sourceTree = "<group>"; };
		98809830271480FE0063DCDF /* Base */ = {isa = PBXFileReference; lastKnownFileType = file.storyboard; name = Base; path = Base.lproj/LaunchScreen.storyboard; sourceTree = "<group>"; };
		98809832271480FE0063DCDF /* Info.plist */ = {isa = PBXFileReference; lastKnownFileType = text.plist.xml; path = Info.plist; sourceTree = "<group>"; };
		988098382714813E0063DCDF /* MainViewController.swift */ = {isa = PBXFileReference; lastKnownFileType = sourcecode.swift; path = MainViewController.swift; sourceTree = "<group>"; };
		98F090F527155441008B0F36 /* CalendarViewController.swift */ = {isa = PBXFileReference; lastKnownFileType = sourcecode.swift; path = CalendarViewController.swift; sourceTree = "<group>"; };
/* End PBXFileReference section */

/* Begin PBXFrameworksBuildPhase section */
		9880981E271480FB0063DCDF /* Frameworks */ = {
			isa = PBXFrameworksBuildPhase;
			buildActionMask = 2147483647;
			files = (
				737C4ED71F8FD01C66139728 /* Pods_eonggeum.framework in Frameworks */,
			);
			runOnlyForDeploymentPostprocessing = 0;
		};
/* End PBXFrameworksBuildPhase section */

/* Begin PBXGroup section */
		98809818271480FB0063DCDF = {
			isa = PBXGroup;
			children = (
				98809823271480FB0063DCDF /* eonggeum */,
				98809822271480FB0063DCDF /* Products */,
				FAF935436978E5DAB5C6664B /* Pods */,
				D353696DDBCB03AF2AA479E5 /* Frameworks */,
			);
			sourceTree = "<group>";
		};
		98809822271480FB0063DCDF /* Products */ = {
			isa = PBXGroup;
			children = (
				98809821271480FB0063DCDF /* eonggeum.app */,
			);
			name = Products;
			sourceTree = "<group>";
		};
		98809823271480FB0063DCDF /* eonggeum */ = {
			isa = PBXGroup;
			children = (
				980DC3F227191B62008AE62E /* eonggeum.entitlements */,
				98809824271480FB0063DCDF /* AppDelegate.swift */,
				98809826271480FB0063DCDF /* SceneDelegate.swift */,
				9880982A271480FB0063DCDF /* Main.storyboard */,
				9880982D271480FE0063DCDF /* Assets.xcassets */,
				9880982F271480FE0063DCDF /* LaunchScreen.storyboard */,
				988098382714813E0063DCDF /* MainViewController.swift */,
				98F090F527155441008B0F36 /* CalendarViewController.swift */,
				98809832271480FE0063DCDF /* Info.plist */,
				980DC3F027191AA9008AE62E /* GoogleService-Info.plist */,
			);
			path = eonggeum;
			sourceTree = "<group>";
		};
		D353696DDBCB03AF2AA479E5 /* Frameworks */ = {
			isa = PBXGroup;
			children = (
				63CB4026963DBA682CE8989E /* Pods_eonggeum.framework */,
			);
			name = Frameworks;
			sourceTree = "<group>";
		};
		FAF935436978E5DAB5C6664B /* Pods */ = {
			isa = PBXGroup;
			children = (
				5E3EBA9C54159BC706D29A0A /* Pods-eonggeum.debug.xcconfig */,
				1F0738F318E6D35FCCEC5DCF /* Pods-eonggeum.release.xcconfig */,
			);
			path = Pods;
			sourceTree = "<group>";
		};
/* End PBXGroup section */

/* Begin PBXNativeTarget section */
		98809820271480FB0063DCDF /* eonggeum */ = {
			isa = PBXNativeTarget;
			buildConfigurationList = 98809835271480FE0063DCDF /* Build configuration list for PBXNativeTarget "eonggeum" */;
			buildPhases = (
				F7DB4B82D0A19F2E0186B18F /* [CP] Check Pods Manifest.lock */,
				9880981D271480FB0063DCDF /* Sources */,
				9880981E271480FB0063DCDF /* Frameworks */,
				9880981F271480FB0063DCDF /* Resources */,
				30430AA1FF505B4D83AC96CD /* [CP] Embed Pods Frameworks */,
			);
			buildRules = (
			);
			dependencies = (
			);
			name = eonggeum;
			productName = eonggeum;
			productReference = 98809821271480FB0063DCDF /* eonggeum.app */;
			productType = "com.apple.product-type.application";
		};
/* End PBXNativeTarget section */

/* Begin PBXProject section */
		98809819271480FB0063DCDF /* Project object */ = {
			isa = PBXProject;
			attributes = {
				BuildIndependentTargetsInParallel = 1;
				LastSwiftUpdateCheck = 1300;
				LastUpgradeCheck = 1300;
				TargetAttributes = {
					98809820271480FB0063DCDF = {
						CreatedOnToolsVersion = 13.0;
					};
				};
			};
			buildConfigurationList = 9880981C271480FB0063DCDF /* Build configuration list for PBXProject "eonggeum" */;
			compatibilityVersion = "Xcode 13.0";
			developmentRegion = en;
			hasScannedForEncodings = 0;
			knownRegions = (
				en,
				Base,
			);
			mainGroup = 98809818271480FB0063DCDF;
			productRefGroup = 98809822271480FB0063DCDF /* Products */;
			projectDirPath = "";
			projectRoot = "";
			targets = (
				98809820271480FB0063DCDF /* eonggeum */,
			);
		};
/* End PBXProject section */

/* Begin PBXResourcesBuildPhase section */
		9880981F271480FB0063DCDF /* Resources */ = {
			isa = PBXResourcesBuildPhase;
			buildActionMask = 2147483647;
			files = (
				98809831271480FE0063DCDF /* LaunchScreen.storyboard in Resources */,
				980DC3F127191AA9008AE62E /* GoogleService-Info.plist in Resources */,
				9880982E271480FE0063DCDF /* Assets.xcassets in Resources */,
				9880982C271480FB0063DCDF /* Main.storyboard in Resources */,
			);
			runOnlyForDeploymentPostprocessing = 0;
		};
/* End PBXResourcesBuildPhase section */

/* Begin PBXShellScriptBuildPhase section */
		30430AA1FF505B4D83AC96CD /* [CP] Embed Pods Frameworks */ = {
			isa = PBXShellScriptBuildPhase;
			buildActionMask = 2147483647;
			files = (
			);
			inputFileListPaths = (
				"${PODS_ROOT}/Target Support Files/Pods-eonggeum/Pods-eonggeum-frameworks-${CONFIGURATION}-input-files.xcfilelist",
			);
			name = "[CP] Embed Pods Frameworks";
			outputFileListPaths = (
				"${PODS_ROOT}/Target Support Files/Pods-eonggeum/Pods-eonggeum-frameworks-${CONFIGURATION}-output-files.xcfilelist",
			);
			runOnlyForDeploymentPostprocessing = 0;
			shellPath = /bin/sh;
			shellScript = "\"${PODS_ROOT}/Target Support Files/Pods-eonggeum/Pods-eonggeum-frameworks.sh\"\n";
			showEnvVarsInLog = 0;
		};
		F7DB4B82D0A19F2E0186B18F /* [CP] Check Pods Manifest.lock */ = {
			isa = PBXShellScriptBuildPhase;
			buildActionMask = 2147483647;
			files = (
			);
			inputFileListPaths = (
			);
			inputPaths = (
				"${PODS_PODFILE_DIR_PATH}/Podfile.lock",
				"${PODS_ROOT}/Manifest.lock",
			);
			name = "[CP] Check Pods Manifest.lock";
			outputFileListPaths = (
			);
			outputPaths = (
				"$(DERIVED_FILE_DIR)/Pods-eonggeum-checkManifestLockResult.txt",
			);
			runOnlyForDeploymentPostprocessing = 0;
			shellPath = /bin/sh;
			shellScript = "diff \"${PODS_PODFILE_DIR_PATH}/Podfile.lock\" \"${PODS_ROOT}/Manifest.lock\" > /dev/null\nif [ $? != 0 ] ; then\n    # print error to STDERR\n    echo \"error: The sandbox is not in sync with the Podfile.lock. Run 'pod install' or update your CocoaPods installation.\" >&2\n    exit 1\nfi\n# This output is used by Xcode 'outputs' to avoid re-running this script phase.\necho \"SUCCESS\" > \"${SCRIPT_OUTPUT_FILE_0}\"\n";
			showEnvVarsInLog = 0;
		};
/* End PBXShellScriptBuildPhase section */

/* Begin PBXSourcesBuildPhase section */
		9880981D271480FB0063DCDF /* Sources */ = {
			isa = PBXSourcesBuildPhase;
			buildActionMask = 2147483647;
			files = (
				98F090F627155441008B0F36 /* CalendarViewController.swift in Sources */,
				988098392714813E0063DCDF /* MainViewController.swift in Sources */,
				98809825271480FB0063DCDF /* AppDelegate.swift in Sources */,
				98809827271480FB0063DCDF /* SceneDelegate.swift in Sources */,
			);
			runOnlyForDeploymentPostprocessing = 0;
		};
/* End PBXSourcesBuildPhase section */

/* Begin PBXVariantGroup section */
		9880982A271480FB0063DCDF /* Main.storyboard */ = {
			isa = PBXVariantGroup;
			children = (
				9880982B271480FB0063DCDF /* Base */,
			);
			name = Main.storyboard;
			sourceTree = "<group>";
		};
		9880982F271480FE0063DCDF /* LaunchScreen.storyboard */ = {
			isa = PBXVariantGroup;
			children = (
				98809830271480FE0063DCDF /* Base */,
			);
			name = LaunchScreen.storyboard;
			sourceTree = "<group>";
		};
/* End PBXVariantGroup section */

/* Begin XCBuildConfiguration section */
		98809833271480FE0063DCDF /* Debug */ = {
			isa = XCBuildConfiguration;
			buildSettings = {
				ALWAYS_SEARCH_USER_PATHS = NO;
				CLANG_ANALYZER_NONNULL = YES;
				CLANG_ANALYZER_NUMBER_OBJECT_CONVERSION = YES_AGGRESSIVE;
				CLANG_CXX_LANGUAGE_STANDARD = "gnu++17";
				CLANG_CXX_LIBRARY = "libc++";
				CLANG_ENABLE_MODULES = YES;
				CLANG_ENABLE_OBJC_ARC = YES;
				CLANG_ENABLE_OBJC_WEAK = YES;
				CLANG_WARN_BLOCK_CAPTURE_AUTORELEASING = YES;
				CLANG_WARN_BOOL_CONVERSION = YES;
				CLANG_WARN_COMMA = YES;
				CLANG_WARN_CONSTANT_CONVERSION = YES;
				CLANG_WARN_DEPRECATED_OBJC_IMPLEMENTATIONS = YES;
				CLANG_WARN_DIRECT_OBJC_ISA_USAGE = YES_ERROR;
				CLANG_WARN_DOCUMENTATION_COMMENTS = YES;
				CLANG_WARN_EMPTY_BODY = YES;
				CLANG_WARN_ENUM_CONVERSION = YES;
				CLANG_WARN_INFINITE_RECURSION = YES;
				CLANG_WARN_INT_CONVERSION = YES;
				CLANG_WARN_NON_LITERAL_NULL_CONVERSION = YES;
				CLANG_WARN_OBJC_IMPLICIT_RETAIN_SELF = YES;
				CLANG_WARN_OBJC_LITERAL_CONVERSION = YES;
				CLANG_WARN_OBJC_ROOT_CLASS = YES_ERROR;
				CLANG_WARN_QUOTED_INCLUDE_IN_FRAMEWORK_HEADER = YES;
				CLANG_WARN_RANGE_LOOP_ANALYSIS = YES;
				CLANG_WARN_STRICT_PROTOTYPES = YES;
				CLANG_WARN_SUSPICIOUS_MOVE = YES;
				CLANG_WARN_UNGUARDED_AVAILABILITY = YES_AGGRESSIVE;
				CLANG_WARN_UNREACHABLE_CODE = YES;
				CLANG_WARN__DUPLICATE_METHOD_MATCH = YES;
				COPY_PHASE_STRIP = NO;
				DEBUG_INFORMATION_FORMAT = dwarf;
				ENABLE_STRICT_OBJC_MSGSEND = YES;
				ENABLE_TESTABILITY = YES;
				GCC_C_LANGUAGE_STANDARD = gnu11;
				GCC_DYNAMIC_NO_PIC = NO;
				GCC_NO_COMMON_BLOCKS = YES;
				GCC_OPTIMIZATION_LEVEL = 0;
				GCC_PREPROCESSOR_DEFINITIONS = (
					"DEBUG=1",
					"$(inherited)",
				);
				GCC_WARN_64_TO_32_BIT_CONVERSION = YES;
				GCC_WARN_ABOUT_RETURN_TYPE = YES_ERROR;
				GCC_WARN_UNDECLARED_SELECTOR = YES;
				GCC_WARN_UNINITIALIZED_AUTOS = YES_AGGRESSIVE;
				GCC_WARN_UNUSED_FUNCTION = YES;
				GCC_WARN_UNUSED_VARIABLE = YES;
				IPHONEOS_DEPLOYMENT_TARGET = 15.0;
				MTL_ENABLE_DEBUG_INFO = INCLUDE_SOURCE;
				MTL_FAST_MATH = YES;
				ONLY_ACTIVE_ARCH = YES;
				SDKROOT = iphoneos;
				SWIFT_ACTIVE_COMPILATION_CONDITIONS = DEBUG;
				SWIFT_OPTIMIZATION_LEVEL = "-Onone";
			};
			name = Debug;
		};
		98809834271480FE0063DCDF /* Release */ = {
			isa = XCBuildConfiguration;
			buildSettings = {
				ALWAYS_SEARCH_USER_PATHS = NO;
				CLANG_ANALYZER_NONNULL = YES;
				CLANG_ANALYZER_NUMBER_OBJECT_CONVERSION = YES_AGGRESSIVE;
				CLANG_CXX_LANGUAGE_STANDARD = "gnu++17";
				CLANG_CXX_LIBRARY = "libc++";
				CLANG_ENABLE_MODULES = YES;
				CLANG_ENABLE_OBJC_ARC = YES;
				CLANG_ENABLE_OBJC_WEAK = YES;
				CLANG_WARN_BLOCK_CAPTURE_AUTORELEASING = YES;
				CLANG_WARN_BOOL_CONVERSION = YES;
				CLANG_WARN_COMMA = YES;
				CLANG_WARN_CONSTANT_CONVERSION = YES;
				CLANG_WARN_DEPRECATED_OBJC_IMPLEMENTATIONS = YES;
				CLANG_WARN_DIRECT_OBJC_ISA_USAGE = YES_ERROR;
				CLANG_WARN_DOCUMENTATION_COMMENTS = YES;
				CLANG_WARN_EMPTY_BODY = YES;
				CLANG_WARN_ENUM_CONVERSION = YES;
				CLANG_WARN_INFINITE_RECURSION = YES;
				CLANG_WARN_INT_CONVERSION = YES;
				CLANG_WARN_NON_LITERAL_NULL_CONVERSION = YES;
				CLANG_WARN_OBJC_IMPLICIT_RETAIN_SELF = YES;
				CLANG_WARN_OBJC_LITERAL_CONVERSION = YES;
				CLANG_WARN_OBJC_ROOT_CLASS = YES_ERROR;
				CLANG_WARN_QUOTED_INCLUDE_IN_FRAMEWORK_HEADER = YES;
				CLANG_WARN_RANGE_LOOP_ANALYSIS = YES;
				CLANG_WARN_STRICT_PROTOTYPES = YES;
				CLANG_WARN_SUSPICIOUS_MOVE = YES;
				CLANG_WARN_UNGUARDED_AVAILABILITY = YES_AGGRESSIVE;
				CLANG_WARN_UNREACHABLE_CODE = YES;
				CLANG_WARN__DUPLICATE_METHOD_MATCH = YES;
				COPY_PHASE_STRIP = NO;
				DEBUG_INFORMATION_FORMAT = "dwarf-with-dsym";
				ENABLE_NS_ASSERTIONS = NO;
				ENABLE_STRICT_OBJC_MSGSEND = YES;
				GCC_C_LANGUAGE_STANDARD = gnu11;
				GCC_NO_COMMON_BLOCKS = YES;
				GCC_WARN_64_TO_32_BIT_CONVERSION = YES;
				GCC_WARN_ABOUT_RETURN_TYPE = YES_ERROR;
				GCC_WARN_UNDECLARED_SELECTOR = YES;
				GCC_WARN_UNINITIALIZED_AUTOS = YES_AGGRESSIVE;
				GCC_WARN_UNUSED_FUNCTION = YES;
				GCC_WARN_UNUSED_VARIABLE = YES;
				IPHONEOS_DEPLOYMENT_TARGET = 15.0;
				MTL_ENABLE_DEBUG_INFO = NO;
				MTL_FAST_MATH = YES;
				SDKROOT = iphoneos;
				SWIFT_COMPILATION_MODE = wholemodule;
				SWIFT_OPTIMIZATION_LEVEL = "-O";
				VALIDATE_PRODUCT = YES;
			};
			name = Release;
		};
		98809836271480FE0063DCDF /* Debug */ = {
			isa = XCBuildConfiguration;
			baseConfigurationReference = 5E3EBA9C54159BC706D29A0A /* Pods-eonggeum.debug.xcconfig */;
			buildSettings = {
				ASSETCATALOG_COMPILER_APPICON_NAME = AppIcon;
				ASSETCATALOG_COMPILER_GLOBAL_ACCENT_COLOR_NAME = AccentColor;
				CODE_SIGN_ENTITLEMENTS = eonggeum/eonggeum.entitlements;
				CODE_SIGN_STYLE = Automatic;
				CURRENT_PROJECT_VERSION = 1;
				DEVELOPMENT_TEAM = PN5JFN8NYT;
				GENERATE_INFOPLIST_FILE = YES;
				INFOPLIST_FILE = eonggeum/Info.plist;
				INFOPLIST_KEY_UIApplicationSupportsIndirectInputEvents = YES;
				INFOPLIST_KEY_UILaunchStoryboardName = LaunchScreen;
				INFOPLIST_KEY_UIMainStoryboardFile = Main;
				INFOPLIST_KEY_UISupportedInterfaceOrientations_iPad = "UIInterfaceOrientationPortrait UIInterfaceOrientationPortraitUpsideDown UIInterfaceOrientationLandscapeLeft UIInterfaceOrientationLandscapeRight";
				INFOPLIST_KEY_UISupportedInterfaceOrientations_iPhone = "UIInterfaceOrientationPortrait UIInterfaceOrientationLandscapeLeft UIInterfaceOrientationLandscapeRight";
				LD_RUNPATH_SEARCH_PATHS = (
					"$(inherited)",
					"@executable_path/Frameworks",
				);
				MARKETING_VERSION = 1.0;
				PRODUCT_BUNDLE_IDENTIFIER = yoonjong.eonggeum;
				PRODUCT_NAME = "$(TARGET_NAME)";
				SWIFT_EMIT_LOC_STRINGS = YES;
				SWIFT_VERSION = 5.0;
				TARGETED_DEVICE_FAMILY = "1,2";
			};
			name = Debug;
		};
		98809837271480FE0063DCDF /* Release */ = {
			isa = XCBuildConfiguration;
			baseConfigurationReference = 1F0738F318E6D35FCCEC5DCF /* Pods-eonggeum.release.xcconfig */;
			buildSettings = {
				ASSETCATALOG_COMPILER_APPICON_NAME = AppIcon;
				ASSETCATALOG_COMPILER_GLOBAL_ACCENT_COLOR_NAME = AccentColor;
				CODE_SIGN_ENTITLEMENTS = eonggeum/eonggeum.entitlements;
				CODE_SIGN_STYLE = Automatic;
				CURRENT_PROJECT_VERSION = 1;
				DEVELOPMENT_TEAM = PN5JFN8NYT;
				GENERATE_INFOPLIST_FILE = YES;
				INFOPLIST_FILE = eonggeum/Info.plist;
				INFOPLIST_KEY_UIApplicationSupportsIndirectInputEvents = YES;
				INFOPLIST_KEY_UILaunchStoryboardName = LaunchScreen;
				INFOPLIST_KEY_UIMainStoryboardFile = Main;
				INFOPLIST_KEY_UISupportedInterfaceOrientations_iPad = "UIInterfaceOrientationPortrait UIInterfaceOrientationPortraitUpsideDown UIInterfaceOrientationLandscapeLeft UIInterfaceOrientationLandscapeRight";
				INFOPLIST_KEY_UISupportedInterfaceOrientations_iPhone = "UIInterfaceOrientationPortrait UIInterfaceOrientationLandscapeLeft UIInterfaceOrientationLandscapeRight";
				LD_RUNPATH_SEARCH_PATHS = (
					"$(inherited)",
					"@executable_path/Frameworks",
				);
				MARKETING_VERSION = 1.0;
				PRODUCT_BUNDLE_IDENTIFIER = yoonjong.eonggeum;
				PRODUCT_NAME = "$(TARGET_NAME)";
				SWIFT_EMIT_LOC_STRINGS = YES;
				SWIFT_VERSION = 5.0;
				TARGETED_DEVICE_FAMILY = "1,2";
			};
			name = Release;
		};
/* End XCBuildConfiguration section */

/* Begin XCConfigurationList section */
		9880981C271480FB0063DCDF /* Build configuration list for PBXProject "eonggeum" */ = {
			isa = XCConfigurationList;
			buildConfigurations = (
				98809833271480FE0063DCDF /* Debug */,
				98809834271480FE0063DCDF /* Release */,
			);
			defaultConfigurationIsVisible = 0;
			defaultConfigurationName = Release;
		};
		98809835271480FE0063DCDF /* Build configuration list for PBXNativeTarget "eonggeum" */ = {
			isa = XCConfigurationList;
			buildConfigurations = (
				98809836271480FE0063DCDF /* Debug */,
				98809837271480FE0063DCDF /* Release */,
			);
			defaultConfigurationIsVisible = 0;
			defaultConfigurationName = Release;
		};
/* End XCConfigurationList section */
	};
	rootObject = 98809819271480FB0063DCDF /* Project object */;
}
